// !$*UTF8*$!
{
	archiveVersion = 1;
	classes = {
	};
	objectVersion = 56;
	objects = {

/* Begin PBXBuildFile section */
		DE1E9FA828FEFE18002CEF0C /* CategoriesController.swift in Sources */ = {isa = PBXBuildFile; fileRef = DE1E9FA728FEFE18002CEF0C /* CategoriesController.swift */; };
		DE1E9FAA28FEFE34002CEF0C /* CategoriesCell.swift in Sources */ = {isa = PBXBuildFile; fileRef = DE1E9FA928FEFE34002CEF0C /* CategoriesCell.swift */; };
		DE1E9FAE28FF153D002CEF0C /* ProductsCell.swift in Sources */ = {isa = PBXBuildFile; fileRef = DE1E9FAC28FF153D002CEF0C /* ProductsCell.swift */; };
		DE1E9FAF28FF153D002CEF0C /* ProductsCell.xib in Resources */ = {isa = PBXBuildFile; fileRef = DE1E9FAD28FF153D002CEF0C /* ProductsCell.xib */; };
		DE1E9FB128FF1A20002CEF0C /* UITableViewCell+Identefier.swift in Sources */ = {isa = PBXBuildFile; fileRef = DE1E9FB028FF1A20002CEF0C /* UITableViewCell+Identefier.swift */; };
		DE1E9FB428FF4DE8002CEF0C /* ProductsController.swift in Sources */ = {isa = PBXBuildFile; fileRef = DE1E9FB328FF4DE8002CEF0C /* ProductsController.swift */; };
		DE1E9FB728FF621E002CEF0C /* Product.swift in Sources */ = {isa = PBXBuildFile; fileRef = DE1E9FB628FF621E002CEF0C /* Product.swift */; };
		DE1E9FBA28FF629C002CEF0C /* FireAPI.swift in Sources */ = {isa = PBXBuildFile; fileRef = DE1E9FB928FF629C002CEF0C /* FireAPI.swift */; };
		DE24EBE8290009480007A7D4 /* GoogleService-Info.plist in Resources */ = {isa = PBXBuildFile; fileRef = DE24EBE7290009480007A7D4 /* GoogleService-Info.plist */; };
		DE67E3DD28FEA90300723D7C /* AppDelegate.swift in Sources */ = {isa = PBXBuildFile; fileRef = DE67E3DC28FEA90300723D7C /* AppDelegate.swift */; };
		DE67E3DF28FEA90300723D7C /* SceneDelegate.swift in Sources */ = {isa = PBXBuildFile; fileRef = DE67E3DE28FEA90300723D7C /* SceneDelegate.swift */; };
		DE67E3E628FEA90500723D7C /* Assets.xcassets in Resources */ = {isa = PBXBuildFile; fileRef = DE67E3E528FEA90500723D7C /* Assets.xcassets */; };
		DE67E3E928FEA90500723D7C /* LaunchScreen.storyboard in Resources */ = {isa = PBXBuildFile; fileRef = DE67E3E728FEA90500723D7C /* LaunchScreen.storyboard */; };
		DE67E3F228FEAB3F00723D7C /* ModulesBuilder.swift in Sources */ = {isa = PBXBuildFile; fileRef = DE67E3F128FEAB3F00723D7C /* ModulesBuilder.swift */; };
		DE67E3F628FEAB9500723D7C /* MainViewController.swift in Sources */ = {isa = PBXBuildFile; fileRef = DE67E3F528FEAB9500723D7C /* MainViewController.swift */; };
		DE67E3FF28FEB13300723D7C /* MainPresenter.swift in Sources */ = {isa = PBXBuildFile; fileRef = DE67E3FE28FEB13300723D7C /* MainPresenter.swift */; };
		DE67E42928FEDABA00723D7C /* BannerController.swift in Sources */ = {isa = PBXBuildFile; fileRef = DE67E42828FEDABA00723D7C /* BannerController.swift */; };
		DE67E42E28FEEBA400723D7C /* BannerCell.swift in Sources */ = {isa = PBXBuildFile; fileRef = DE67E42C28FEEBA400723D7C /* BannerCell.swift */; };
		DE67E43128FEEBF400723D7C /* UICollectionViewCell+Identefier.swift in Sources */ = {isa = PBXBuildFile; fileRef = DE67E43028FEEBF400723D7C /* UICollectionViewCell+Identefier.swift */; };
		E2B050F48107D149BC445171 /* Pods_1.framework in Frameworks */ = {isa = PBXBuildFile; fileRef = DBF4CE1E34845AD4F8280CE8 /* Pods_1.framework */; };
/* End PBXBuildFile section */

/* Begin PBXFileReference section */
		679E1422E37597E8D1C88E35 /* Pods-1.release.xcconfig */ = {isa = PBXFileReference; includeInIndex = 1; lastKnownFileType = text.xcconfig; name = "Pods-1.release.xcconfig"; path = "Target Support Files/Pods-1/Pods-1.release.xcconfig"; sourceTree = "<group>"; };
		92475B54C44E9065273AA001 /* Pods-1.debug.xcconfig */ = {isa = PBXFileReference; includeInIndex = 1; lastKnownFileType = text.xcconfig; name = "Pods-1.debug.xcconfig"; path = "Target Support Files/Pods-1/Pods-1.debug.xcconfig"; sourceTree = "<group>"; };
		DBF4CE1E34845AD4F8280CE8 /* Pods_1.framework */ = {isa = PBXFileReference; explicitFileType = wrapper.framework; includeInIndex = 0; path = Pods_1.framework; sourceTree = BUILT_PRODUCTS_DIR; };
		DE1E9FA728FEFE18002CEF0C /* CategoriesController.swift */ = {isa = PBXFileReference; lastKnownFileType = sourcecode.swift; path = CategoriesController.swift; sourceTree = "<group>"; };
		DE1E9FA928FEFE34002CEF0C /* CategoriesCell.swift */ = {isa = PBXFileReference; lastKnownFileType = sourcecode.swift; path = CategoriesCell.swift; sourceTree = "<group>"; };
		DE1E9FAC28FF153D002CEF0C /* ProductsCell.swift */ = {isa = PBXFileReference; lastKnownFileType = sourcecode.swift; path = ProductsCell.swift; sourceTree = "<group>"; };
		DE1E9FAD28FF153D002CEF0C /* ProductsCell.xib */ = {isa = PBXFileReference; lastKnownFileType = file.xib; path = ProductsCell.xib; sourceTree = "<group>"; };
		DE1E9FB028FF1A20002CEF0C /* UITableViewCell+Identefier.swift */ = {isa = PBXFileReference; lastKnownFileType = sourcecode.swift; path = "UITableViewCell+Identefier.swift"; sourceTree = "<group>"; };
		DE1E9FB328FF4DE8002CEF0C /* ProductsController.swift */ = {isa = PBXFileReference; lastKnownFileType = sourcecode.swift; path = ProductsController.swift; sourceTree = "<group>"; };
		DE1E9FB628FF621E002CEF0C /* Product.swift */ = {isa = PBXFileReference; lastKnownFileType = sourcecode.swift; path = Product.swift; sourceTree = "<group>"; };
		DE1E9FB928FF629C002CEF0C /* FireAPI.swift */ = {isa = PBXFileReference; lastKnownFileType = sourcecode.swift; path = FireAPI.swift; sourceTree = "<group>"; };
		DE24EBE7290009480007A7D4 /* GoogleService-Info.plist */ = {isa = PBXFileReference; fileEncoding = 4; lastKnownFileType = text.plist.xml; path = "GoogleService-Info.plist"; sourceTree = "<group>"; };
		DE67E3D928FEA90300723D7C /* 1.app */ = {isa = PBXFileReference; explicitFileType = wrapper.application; includeInIndex = 0; path = 1.app; sourceTree = BUILT_PRODUCTS_DIR; };
		DE67E3DC28FEA90300723D7C /* AppDelegate.swift */ = {isa = PBXFileReference; lastKnownFileType = sourcecode.swift; path = AppDelegate.swift; sourceTree = "<group>"; };
		DE67E3DE28FEA90300723D7C /* SceneDelegate.swift */ = {isa = PBXFileReference; lastKnownFileType = sourcecode.swift; path = SceneDelegate.swift; sourceTree = "<group>"; };
		DE67E3E528FEA90500723D7C /* Assets.xcassets */ = {isa = PBXFileReference; lastKnownFileType = folder.assetcatalog; path = Assets.xcassets; sourceTree = "<group>"; };
		DE67E3E828FEA90500723D7C /* Base */ = {isa = PBXFileReference; lastKnownFileType = file.storyboard; name = Base; path = Base.lproj/LaunchScreen.storyboard; sourceTree = "<group>"; };
		DE67E3EA28FEA90500723D7C /* Info.plist */ = {isa = PBXFileReference; lastKnownFileType = text.plist.xml; path = Info.plist; sourceTree = "<group>"; };
		DE67E3F128FEAB3F00723D7C /* ModulesBuilder.swift */ = {isa = PBXFileReference; lastKnownFileType = sourcecode.swift; path = ModulesBuilder.swift; sourceTree = "<group>"; };
		DE67E3F528FEAB9500723D7C /* MainViewController.swift */ = {isa = PBXFileReference; lastKnownFileType = sourcecode.swift; path = MainViewController.swift; sourceTree = "<group>"; };
		DE67E3FE28FEB13300723D7C /* MainPresenter.swift */ = {isa = PBXFileReference; lastKnownFileType = sourcecode.swift; path = MainPresenter.swift; sourceTree = "<group>"; };
		DE67E42828FEDABA00723D7C /* BannerController.swift */ = {isa = PBXFileReference; lastKnownFileType = sourcecode.swift; path = BannerController.swift; sourceTree = "<group>"; };
		DE67E42C28FEEBA400723D7C /* BannerCell.swift */ = {isa = PBXFileReference; lastKnownFileType = sourcecode.swift; path = BannerCell.swift; sourceTree = "<group>"; };
		DE67E43028FEEBF400723D7C /* UICollectionViewCell+Identefier.swift */ = {isa = PBXFileReference; lastKnownFileType = sourcecode.swift; path = "UICollectionViewCell+Identefier.swift"; sourceTree = "<group>"; };
/* End PBXFileReference section */

/* Begin PBXFrameworksBuildPhase section */
		DE67E3D628FEA90300723D7C /* Frameworks */ = {
			isa = PBXFrameworksBuildPhase;
			buildActionMask = 2147483647;
			files = (
				E2B050F48107D149BC445171 /* Pods_1.framework in Frameworks */,
			);
			runOnlyForDeploymentPostprocessing = 0;
		};
/* End PBXFrameworksBuildPhase section */

/* Begin PBXGroup section */
		65B7E270A433F3245790856E /* Frameworks */ = {
			isa = PBXGroup;
			children = (
				DBF4CE1E34845AD4F8280CE8 /* Pods_1.framework */,
			);
			name = Frameworks;
			sourceTree = "<group>";
		};
		993F99B964EC8D42DCD32C31 /* Pods */ = {
			isa = PBXGroup;
			children = (
				92475B54C44E9065273AA001 /* Pods-1.debug.xcconfig */,
				679E1422E37597E8D1C88E35 /* Pods-1.release.xcconfig */,
			);
			path = Pods;
			sourceTree = "<group>";
		};
		DE1E9FA628FEFDEF002CEF0C /* Categories */ = {
			isa = PBXGroup;
			children = (
				DE1E9FA728FEFE18002CEF0C /* CategoriesController.swift */,
				DE1E9FA928FEFE34002CEF0C /* CategoriesCell.swift */,
			);
			path = Categories;
			sourceTree = "<group>";
		};
		DE1E9FB228FF4DB5002CEF0C /* TableView */ = {
			isa = PBXGroup;
			children = (
				DE1E9FB328FF4DE8002CEF0C /* ProductsController.swift */,
				DE1E9FAC28FF153D002CEF0C /* ProductsCell.swift */,
				DE1E9FAD28FF153D002CEF0C /* ProductsCell.xib */,
			);
			path = TableView;
			sourceTree = "<group>";
		};
		DE1E9FB528FF6212002CEF0C /* Model */ = {
			isa = PBXGroup;
			children = (
				DE1E9FB628FF621E002CEF0C /* Product.swift */,
			);
			path = Model;
			sourceTree = "<group>";
		};
		DE1E9FB828FF628D002CEF0C /* Service */ = {
			isa = PBXGroup;
			children = (
				DE1E9FB928FF629C002CEF0C /* FireAPI.swift */,
			);
			path = Service;
			sourceTree = "<group>";
		};
		DE67E3D028FEA90300723D7C = {
			isa = PBXGroup;
			children = (
				DE67E3DB28FEA90300723D7C /* 1 */,
				DE67E3DA28FEA90300723D7C /* Products */,
				993F99B964EC8D42DCD32C31 /* Pods */,
				65B7E270A433F3245790856E /* Frameworks */,
			);
			sourceTree = "<group>";
		};
		DE67E3DA28FEA90300723D7C /* Products */ = {
			isa = PBXGroup;
			children = (
				DE67E3D928FEA90300723D7C /* 1.app */,
			);
			name = Products;
			sourceTree = "<group>";
		};
		DE67E3DB28FEA90300723D7C /* 1 */ = {
			isa = PBXGroup;
			children = (
				DE67E3DC28FEA90300723D7C /* AppDelegate.swift */,
				DE67E3DE28FEA90300723D7C /* SceneDelegate.swift */,
				DE67E3F128FEAB3F00723D7C /* ModulesBuilder.swift */,
				DE1E9FB828FF628D002CEF0C /* Service */,
				DE1E9FB528FF6212002CEF0C /* Model */,
				DE67E43228FEEC5800723D7C /* Extensions */,
				DE67E3F028FEAB1500723D7C /* MainModule */,
				DE67E3E528FEA90500723D7C /* Assets.xcassets */,
				DE67E3E728FEA90500723D7C /* LaunchScreen.storyboard */,
				DE67E3EA28FEA90500723D7C /* Info.plist */,
				DE24EBE7290009480007A7D4 /* GoogleService-Info.plist */,
			);
			path = 1;
			sourceTree = "<group>";
		};
		DE67E3F028FEAB1500723D7C /* MainModule */ = {
			isa = PBXGroup;
			children = (
				DE67E3FE28FEB13300723D7C /* MainPresenter.swift */,
				DE67E3F528FEAB9500723D7C /* MainViewController.swift */,
				DE67E3F728FEB09100723D7C /* Banners */,
				DE1E9FA628FEFDEF002CEF0C /* Categories */,
				DE1E9FB228FF4DB5002CEF0C /* TableView */,
			);
			path = MainModule;
			sourceTree = "<group>";
		};
		DE67E3F728FEB09100723D7C /* Banners */ = {
			isa = PBXGroup;
			children = (
				DE67E42828FEDABA00723D7C /* BannerController.swift */,
				DE67E42C28FEEBA400723D7C /* BannerCell.swift */,
			);
			path = Banners;
			sourceTree = "<group>";
		};
		DE67E43228FEEC5800723D7C /* Extensions */ = {
			isa = PBXGroup;
			children = (
				DE67E43028FEEBF400723D7C /* UICollectionViewCell+Identefier.swift */,
				DE1E9FB028FF1A20002CEF0C /* UITableViewCell+Identefier.swift */,
			);
			path = Extensions;
			sourceTree = "<group>";
		};
/* End PBXGroup section */

/* Begin PBXNativeTarget section */
		DE67E3D828FEA90300723D7C /* 1 */ = {
			isa = PBXNativeTarget;
			buildConfigurationList = DE67E3ED28FEA90500723D7C /* Build configuration list for PBXNativeTarget "1" */;
			buildPhases = (
				DA6DEDBE8AA2E3957EB8C0A9 /* [CP] Check Pods Manifest.lock */,
				DE67E3D528FEA90300723D7C /* Sources */,
				DE67E3D628FEA90300723D7C /* Frameworks */,
				DE67E3D728FEA90300723D7C /* Resources */,
				1D34E0F17BA3B553AC5ED228 /* [CP] Embed Pods Frameworks */,
			);
			buildRules = (
			);
			dependencies = (
			);
			name = 1;
			productName = 1;
			productReference = DE67E3D928FEA90300723D7C /* 1.app */;
			productType = "com.apple.product-type.application";
		};
/* End PBXNativeTarget section */

/* Begin PBXProject section */
		DE67E3D128FEA90300723D7C /* Project object */ = {
			isa = PBXProject;
			attributes = {
				BuildIndependentTargetsInParallel = 1;
				LastSwiftUpdateCheck = 1400;
				LastUpgradeCheck = 1400;
				TargetAttributes = {
					DE67E3D828FEA90300723D7C = {
						CreatedOnToolsVersion = 14.0.1;
					};
				};
			};
			buildConfigurationList = DE67E3D428FEA90300723D7C /* Build configuration list for PBXProject "1" */;
			compatibilityVersion = "Xcode 14.0";
			developmentRegion = en;
			hasScannedForEncodings = 0;
			knownRegions = (
				en,
				Base,
			);
			mainGroup = DE67E3D028FEA90300723D7C;
			productRefGroup = DE67E3DA28FEA90300723D7C /* Products */;
			projectDirPath = "";
			projectRoot = "";
			targets = (
				DE67E3D828FEA90300723D7C /* 1 */,
			);
		};
/* End PBXProject section */

/* Begin PBXResourcesBuildPhase section */
		DE67E3D728FEA90300723D7C /* Resources */ = {
			isa = PBXResourcesBuildPhase;
			buildActionMask = 2147483647;
			files = (
				DE67E3E928FEA90500723D7C /* LaunchScreen.storyboard in Resources */,
				DE24EBE8290009480007A7D4 /* GoogleService-Info.plist in Resources */,
				DE1E9FAF28FF153D002CEF0C /* ProductsCell.xib in Resources */,
				DE67E3E628FEA90500723D7C /* Assets.xcassets in Resources */,
			);
			runOnlyForDeploymentPostprocessing = 0;
		};
/* End PBXResourcesBuildPhase section */

/* Begin PBXShellScriptBuildPhase section */
		1D34E0F17BA3B553AC5ED228 /* [CP] Embed Pods Frameworks */ = {
			isa = PBXShellScriptBuildPhase;
			buildActionMask = 2147483647;
			files = (
			);
			inputFileListPaths = (
				"${PODS_ROOT}/Target Support Files/Pods-1/Pods-1-frameworks-${CONFIGURATION}-input-files.xcfilelist",
			);
			name = "[CP] Embed Pods Frameworks";
			outputFileListPaths = (
				"${PODS_ROOT}/Target Support Files/Pods-1/Pods-1-frameworks-${CONFIGURATION}-output-files.xcfilelist",
			);
			runOnlyForDeploymentPostprocessing = 0;
			shellPath = /bin/sh;
			shellScript = "\"${PODS_ROOT}/Target Support Files/Pods-1/Pods-1-frameworks.sh\"\n";
			showEnvVarsInLog = 0;
		};
		DA6DEDBE8AA2E3957EB8C0A9 /* [CP] Check Pods Manifest.lock */ = {
			isa = PBXShellScriptBuildPhase;
			buildActionMask = 2147483647;
			files = (
			);
			inputFileListPaths = (
			);
			inputPaths = (
				"${PODS_PODFILE_DIR_PATH}/Podfile.lock",
				"${PODS_ROOT}/Manifest.lock",
			);
			name = "[CP] Check Pods Manifest.lock";
			outputFileListPaths = (
			);
			outputPaths = (
				"$(DERIVED_FILE_DIR)/Pods-1-checkManifestLockResult.txt",
			);
			runOnlyForDeploymentPostprocessing = 0;
			shellPath = /bin/sh;
			shellScript = "diff \"${PODS_PODFILE_DIR_PATH}/Podfile.lock\" \"${PODS_ROOT}/Manifest.lock\" > /dev/null\nif [ $? != 0 ] ; then\n    # print error to STDERR\n    echo \"error: The sandbox is not in sync with the Podfile.lock. Run 'pod install' or update your CocoaPods installation.\" >&2\n    exit 1\nfi\n# This output is used by Xcode 'outputs' to avoid re-running this script phase.\necho \"SUCCESS\" > \"${SCRIPT_OUTPUT_FILE_0}\"\n";
			showEnvVarsInLog = 0;
		};
/* End PBXShellScriptBuildPhase section */

/* Begin PBXSourcesBuildPhase section */
		DE67E3D528FEA90300723D7C /* Sources */ = {
			isa = PBXSourcesBuildPhase;
			buildActionMask = 2147483647;
			files = (
				DE1E9FB128FF1A20002CEF0C /* UITableViewCell+Identefier.swift in Sources */,
				DE67E42E28FEEBA400723D7C /* BannerCell.swift in Sources */,
				DE67E3DD28FEA90300723D7C /* AppDelegate.swift in Sources */,
				DE1E9FBA28FF629C002CEF0C /* FireAPI.swift in Sources */,
				DE1E9FB428FF4DE8002CEF0C /* ProductsController.swift in Sources */,
				DE67E3DF28FEA90300723D7C /* SceneDelegate.swift in Sources */,
				DE1E9FA828FEFE18002CEF0C /* CategoriesController.swift in Sources */,
				DE67E43128FEEBF400723D7C /* UICollectionViewCell+Identefier.swift in Sources */,
				DE1E9FAA28FEFE34002CEF0C /* CategoriesCell.swift in Sources */,
				DE1E9FAE28FF153D002CEF0C /* ProductsCell.swift in Sources */,
				DE67E3F228FEAB3F00723D7C /* ModulesBuilder.swift in Sources */,
				DE67E42928FEDABA00723D7C /* BannerController.swift in Sources */,
				DE67E3FF28FEB13300723D7C /* MainPresenter.swift in Sources */,
				DE67E3F628FEAB9500723D7C /* MainViewController.swift in Sources */,
				DE1E9FB728FF621E002CEF0C /* Product.swift in Sources */,
			);
			runOnlyForDeploymentPostprocessing = 0;
		};
/* End PBXSourcesBuildPhase section */

/* Begin PBXVariantGroup section */
		DE67E3E728FEA90500723D7C /* LaunchScreen.storyboard */ = {
			isa = PBXVariantGroup;
			children = (
				DE67E3E828FEA90500723D7C /* Base */,
			);
			name = LaunchScreen.storyboard;
			sourceTree = "<group>";
		};
/* End PBXVariantGroup section */

/* Begin XCBuildConfiguration section */
		DE67E3EB28FEA90500723D7C /* Debug */ = {
			isa = XCBuildConfiguration;
			buildSettings = {
				ALWAYS_SEARCH_USER_PATHS = NO;
				CLANG_ANALYZER_NONNULL = YES;
				CLANG_ANALYZER_NUMBER_OBJECT_CONVERSION = YES_AGGRESSIVE;
				CLANG_CXX_LANGUAGE_STANDARD = "gnu++20";
				CLANG_ENABLE_MODULES = YES;
				CLANG_ENABLE_OBJC_ARC = YES;
				CLANG_ENABLE_OBJC_WEAK = YES;
				CLANG_WARN_BLOCK_CAPTURE_AUTORELEASING = YES;
				CLANG_WARN_BOOL_CONVERSION = YES;
				CLANG_WARN_COMMA = YES;
				CLANG_WARN_CONSTANT_CONVERSION = YES;
				CLANG_WARN_DEPRECATED_OBJC_IMPLEMENTATIONS = YES;
				CLANG_WARN_DIRECT_OBJC_ISA_USAGE = YES_ERROR;
				CLANG_WARN_DOCUMENTATION_COMMENTS = YES;
				CLANG_WARN_EMPTY_BODY = YES;
				CLANG_WARN_ENUM_CONVERSION = YES;
				CLANG_WARN_INFINITE_RECURSION = YES;
				CLANG_WARN_INT_CONVERSION = YES;
				CLANG_WARN_NON_LITERAL_NULL_CONVERSION = YES;
				CLANG_WARN_OBJC_IMPLICIT_RETAIN_SELF = YES;
				CLANG_WARN_OBJC_LITERAL_CONVERSION = YES;
				CLANG_WARN_OBJC_ROOT_CLASS = YES_ERROR;
				CLANG_WARN_QUOTED_INCLUDE_IN_FRAMEWORK_HEADER = YES;
				CLANG_WARN_RANGE_LOOP_ANALYSIS = YES;
				CLANG_WARN_STRICT_PROTOTYPES = YES;
				CLANG_WARN_SUSPICIOUS_MOVE = YES;
				CLANG_WARN_UNGUARDED_AVAILABILITY = YES_AGGRESSIVE;
				CLANG_WARN_UNREACHABLE_CODE = YES;
				CLANG_WARN__DUPLICATE_METHOD_MATCH = YES;
				COPY_PHASE_STRIP = NO;
				DEBUG_INFORMATION_FORMAT = dwarf;
				ENABLE_STRICT_OBJC_MSGSEND = YES;
				ENABLE_TESTABILITY = YES;
				GCC_C_LANGUAGE_STANDARD = gnu11;
				GCC_DYNAMIC_NO_PIC = NO;
				GCC_NO_COMMON_BLOCKS = YES;
				GCC_OPTIMIZATION_LEVEL = 0;
				GCC_PREPROCESSOR_DEFINITIONS = (
					"DEBUG=1",
					"$(inherited)",
				);
				GCC_WARN_64_TO_32_BIT_CONVERSION = YES;
				GCC_WARN_ABOUT_RETURN_TYPE = YES_ERROR;
				GCC_WARN_UNDECLARED_SELECTOR = YES;
				GCC_WARN_UNINITIALIZED_AUTOS = YES_AGGRESSIVE;
				GCC_WARN_UNUSED_FUNCTION = YES;
				GCC_WARN_UNUSED_VARIABLE = YES;
				IPHONEOS_DEPLOYMENT_TARGET = 16.0;
				MTL_ENABLE_DEBUG_INFO = INCLUDE_SOURCE;
				MTL_FAST_MATH = YES;
				ONLY_ACTIVE_ARCH = YES;
				SDKROOT = iphoneos;
				SWIFT_ACTIVE_COMPILATION_CONDITIONS = DEBUG;
				SWIFT_OPTIMIZATION_LEVEL = "-Onone";
			};
			name = Debug;
		};
		DE67E3EC28FEA90500723D7C /* Release */ = {
			isa = XCBuildConfiguration;
			buildSettings = {
				ALWAYS_SEARCH_USER_PATHS = NO;
				CLANG_ANALYZER_NONNULL = YES;
				CLANG_ANALYZER_NUMBER_OBJECT_CONVERSION = YES_AGGRESSIVE;
				CLANG_CXX_LANGUAGE_STANDARD = "gnu++20";
				CLANG_ENABLE_MODULES = YES;
				CLANG_ENABLE_OBJC_ARC = YES;
				CLANG_ENABLE_OBJC_WEAK = YES;
				CLANG_WARN_BLOCK_CAPTURE_AUTORELEASING = YES;
				CLANG_WARN_BOOL_CONVERSION = YES;
				CLANG_WARN_COMMA = YES;
				CLANG_WARN_CONSTANT_CONVERSION = YES;
				CLANG_WARN_DEPRECATED_OBJC_IMPLEMENTATIONS = YES;
				CLANG_WARN_DIRECT_OBJC_ISA_USAGE = YES_ERROR;
				CLANG_WARN_DOCUMENTATION_COMMENTS = YES;
				CLANG_WARN_EMPTY_BODY = YES;
				CLANG_WARN_ENUM_CONVERSION = YES;
				CLANG_WARN_INFINITE_RECURSION = YES;
				CLANG_WARN_INT_CONVERSION = YES;
				CLANG_WARN_NON_LITERAL_NULL_CONVERSION = YES;
				CLANG_WARN_OBJC_IMPLICIT_RETAIN_SELF = YES;
				CLANG_WARN_OBJC_LITERAL_CONVERSION = YES;
				CLANG_WARN_OBJC_ROOT_CLASS = YES_ERROR;
				CLANG_WARN_QUOTED_INCLUDE_IN_FRAMEWORK_HEADER = YES;
				CLANG_WARN_RANGE_LOOP_ANALYSIS = YES;
				CLANG_WARN_STRICT_PROTOTYPES = YES;
				CLANG_WARN_SUSPICIOUS_MOVE = YES;
				CLANG_WARN_UNGUARDED_AVAILABILITY = YES_AGGRESSIVE;
				CLANG_WARN_UNREACHABLE_CODE = YES;
				CLANG_WARN__DUPLICATE_METHOD_MATCH = YES;
				COPY_PHASE_STRIP = NO;
				DEBUG_INFORMATION_FORMAT = "dwarf-with-dsym";
				ENABLE_NS_ASSERTIONS = NO;
				ENABLE_STRICT_OBJC_MSGSEND = YES;
				GCC_C_LANGUAGE_STANDARD = gnu11;
				GCC_NO_COMMON_BLOCKS = YES;
				GCC_WARN_64_TO_32_BIT_CONVERSION = YES;
				GCC_WARN_ABOUT_RETURN_TYPE = YES_ERROR;
				GCC_WARN_UNDECLARED_SELECTOR = YES;
				GCC_WARN_UNINITIALIZED_AUTOS = YES_AGGRESSIVE;
				GCC_WARN_UNUSED_FUNCTION = YES;
				GCC_WARN_UNUSED_VARIABLE = YES;
				IPHONEOS_DEPLOYMENT_TARGET = 16.0;
				MTL_ENABLE_DEBUG_INFO = NO;
				MTL_FAST_MATH = YES;
				SDKROOT = iphoneos;
				SWIFT_COMPILATION_MODE = wholemodule;
				SWIFT_OPTIMIZATION_LEVEL = "-O";
				VALIDATE_PRODUCT = YES;
			};
			name = Release;
		};
		DE67E3EE28FEA90500723D7C /* Debug */ = {
			isa = XCBuildConfiguration;
			baseConfigurationReference = 92475B54C44E9065273AA001 /* Pods-1.debug.xcconfig */;
			buildSettings = {
				ASSETCATALOG_COMPILER_APPICON_NAME = AppIcon;
				ASSETCATALOG_COMPILER_GLOBAL_ACCENT_COLOR_NAME = AccentColor;
				CODE_SIGN_STYLE = Automatic;
				CURRENT_PROJECT_VERSION = 1;
				DEVELOPMENT_TEAM = DVR9X2HBAM;
				GENERATE_INFOPLIST_FILE = YES;
				INFOPLIST_FILE = 1/Info.plist;
				INFOPLIST_KEY_UIApplicationSupportsIndirectInputEvents = YES;
				INFOPLIST_KEY_UILaunchStoryboardName = LaunchScreen;
				INFOPLIST_KEY_UISupportedInterfaceOrientations = UIInterfaceOrientationPortrait;
				INFOPLIST_KEY_UISupportedInterfaceOrientations_iPad = "UIInterfaceOrientationLandscapeLeft UIInterfaceOrientationLandscapeRight UIInterfaceOrientationPortrait UIInterfaceOrientationPortraitUpsideDown";
				LD_RUNPATH_SEARCH_PATHS = (
					"$(inherited)",
					"@executable_path/Frameworks",
				);
				MARKETING_VERSION = 1.0;
				PRODUCT_BUNDLE_IDENTIFIER = "-.-";
				PRODUCT_NAME = "$(TARGET_NAME)";
				SUPPORTED_PLATFORMS = "iphoneos iphonesimulator";
				SUPPORTS_MACCATALYST = NO;
				SUPPORTS_MAC_DESIGNED_FOR_IPHONE_IPAD = NO;
				SWIFT_EMIT_LOC_STRINGS = YES;
				SWIFT_VERSION = 5.0;
				TARGETED_DEVICE_FAMILY = 1;
			};
			name = Debug;
		};
		DE67E3EF28FEA90500723D7C /* Release */ = {
			isa = XCBuildConfiguration;
			baseConfigurationReference = 679E1422E37597E8D1C88E35 /* Pods-1.release.xcconfig */;
			buildSettings = {
				ASSETCATALOG_COMPILER_APPICON_NAME = AppIcon;
				ASSETCATALOG_COMPILER_GLOBAL_ACCENT_COLOR_NAME = AccentColor;
				CODE_SIGN_STYLE = Automatic;
				CURRENT_PROJECT_VERSION = 1;
				DEVELOPMENT_TEAM = DVR9X2HBAM;
				GENERATE_INFOPLIST_FILE = YES;
				INFOPLIST_FILE = 1/Info.plist;
				INFOPLIST_KEY_UIApplicationSupportsIndirectInputEvents = YES;
				INFOPLIST_KEY_UILaunchStoryboardName = LaunchScreen;
				INFOPLIST_KEY_UISupportedInterfaceOrientations = UIInterfaceOrientationPortrait;
				INFOPLIST_KEY_UISupportedInterfaceOrientations_iPad = "UIInterfaceOrientationLandscapeLeft UIInterfaceOrientationLandscapeRight UIInterfaceOrientationPortrait UIInterfaceOrientationPortraitUpsideDown";
				LD_RUNPATH_SEARCH_PATHS = (
					"$(inherited)",
					"@executable_path/Frameworks",
				);
				MARKETING_VERSION = 1.0;
				PRODUCT_BUNDLE_IDENTIFIER = "-.-";
				PRODUCT_NAME = "$(TARGET_NAME)";
				SUPPORTED_PLATFORMS = "iphoneos iphonesimulator";
				SUPPORTS_MACCATALYST = NO;
				SUPPORTS_MAC_DESIGNED_FOR_IPHONE_IPAD = NO;
				SWIFT_EMIT_LOC_STRINGS = YES;
				SWIFT_VERSION = 5.0;
				TARGETED_DEVICE_FAMILY = 1;
			};
			name = Release;
		};
/* End XCBuildConfiguration section */

/* Begin XCConfigurationList section */
		DE67E3D428FEA90300723D7C /* Build configuration list for PBXProject "1" */ = {
			isa = XCConfigurationList;
			buildConfigurations = (
				DE67E3EB28FEA90500723D7C /* Debug */,
				DE67E3EC28FEA90500723D7C /* Release */,
			);
			defaultConfigurationIsVisible = 0;
			defaultConfigurationName = Release;
		};
		DE67E3ED28FEA90500723D7C /* Build configuration list for PBXNativeTarget "1" */ = {
			isa = XCConfigurationList;
			buildConfigurations = (
				DE67E3EE28FEA90500723D7C /* Debug */,
				DE67E3EF28FEA90500723D7C /* Release */,
			);
			defaultConfigurationIsVisible = 0;
			defaultConfigurationName = Release;
		};
/* End XCConfigurationList section */
	};
	rootObject = DE67E3D128FEA90300723D7C /* Project object */;
}
